
Microsoft Visual Studio Solution File, Format Version 12.00
# Visual Studio Version 16
VisualStudioVersion = 16.0.31729.503
MinimumVisualStudioVersion = 10.0.40219.1
Project("{9A19103F-16F7-4668-BE54-9A1E7A4F7556}") = "meta", "meta.csproj", "{21768A50-CD39-47CE-99D6-DF9864D1E136}"
EndProject
Project("{2150E333-8FDC-42A3-9474-1A3956D46DE8}") = "Application", "Application", "{A9FC83FC-661F-4D0F-874A-DBFBC9319F05}"
EndProject
Project("{2150E333-8FDC-42A3-9474-1A3956D46DE8}") = "Domain", "Domain", "{7286C3F6-F556-43B4-BCF6-26C6E5BD5E82}"
EndProject
Project("{2150E333-8FDC-42A3-9474-1A3956D46DE8}") = "Service", "Service", "{85B59A9C-B346-4811-A03C-7722FDB1E669}"
EndProject
Project("{2150E333-8FDC-42A3-9474-1A3956D46DE8}") = "Test", "Test", "{E60BDE34-942A-4FD7-B8B0-E6F845CBDBC7}"
EndProject
Project("{2150E333-8FDC-42A3-9474-1A3956D46DE8}") = "Infra", "Infra", "{736344DF-8B9B-4F56-A9D9-7BAE9BE817FE}"
EndProject
Project("{9A19103F-16F7-4668-BE54-9A1E7A4F7556}") = "meta.Domain", "..\meta.Domain\meta.Domain.csproj", "{847F4ACB-B32F-4237-B6CE-CCA5A4EEB1D5}"
EndProject
Project("{9A19103F-16F7-4668-BE54-9A1E7A4F7556}") = "meta.DTO", "..\meta.DTO\meta.DTO.csproj", "{F6F1066F-0593-46E4-B439-5C7DFE0C4A2B}"
EndProject
Project("{2150E333-8FDC-42A3-9474-1A3956D46DE8}") = "Data", "Data", "{CC4DF52D-725D-4490-9852-6CB8F26FEDA2}"
EndProject
Project("{9A19103F-16F7-4668-BE54-9A1E7A4F7556}") = "meta.Infra.Data", "..\meta.Infra.Data\meta.Infra.Data.csproj", "{23DEC44A-7C76-42F2-ACEC-B92A1D30B54E}"
EndProject
Project("{FAE04EC0-301F-11D3-BF4B-00C04F79EFBC}") = "meta.Infra.Data.Interfaces", "..\meta.Infra.Data.Interfaces\meta.Infra.Data.Interfaces.csproj", "{5D538893-4405-4838-8D3B-F5FF262A1549}"
EndProject
Project("{FAE04EC0-301F-11D3-BF4B-00C04F79EFBC}") = "meta.Service", "..\meta.Service\meta.Service.csproj", "{E885D03E-F312-495F-A2DC-9C8E26FFCEF7}"
EndProject
Project("{FAE04EC0-301F-11D3-BF4B-00C04F79EFBC}") = "meta.Service.Interfaces", "..\meta.Service.Interfaces\meta.Service.Interfaces.csproj", "{7EB641DA-6CEC-47FF-A3BC-42E24502E124}"
EndProject
Project("{FAE04EC0-301F-11D3-BF4B-00C04F79EFBC}") = "meta.UnitTest", "..\meta.UnitTest\meta.UnitTest.csproj", "{FB3F5C2A-A6EF-4106-A25D-C95364E618D2}"
EndProject
Global
	GlobalSection(SolutionConfigurationPlatforms) = preSolution
		Debug|Any CPU = Debug|Any CPU
		Release|Any CPU = Release|Any CPU
	EndGlobalSection
	GlobalSection(ProjectConfigurationPlatforms) = postSolution
		{21768A50-CD39-47CE-99D6-DF9864D1E136}.Debug|Any CPU.ActiveCfg = Debug|Any CPU
		{21768A50-CD39-47CE-99D6-DF9864D1E136}.Debug|Any CPU.Build.0 = Debug|Any CPU
		{21768A50-CD39-47CE-99D6-DF9864D1E136}.Release|Any CPU.ActiveCfg = Release|Any CPU
		{21768A50-CD39-47CE-99D6-DF9864D1E136}.Release|Any CPU.Build.0 = Release|Any CPU
		{847F4ACB-B32F-4237-B6CE-CCA5A4EEB1D5}.Debug|Any CPU.ActiveCfg = Debug|Any CPU
		{847F4ACB-B32F-4237-B6CE-CCA5A4EEB1D5}.Debug|Any CPU.Build.0 = Debug|Any CPU
		{847F4ACB-B32F-4237-B6CE-CCA5A4EEB1D5}.Release|Any CPU.ActiveCfg = Release|Any CPU
		{847F4ACB-B32F-4237-B6CE-CCA5A4EEB1D5}.Release|Any CPU.Build.0 = Release|Any CPU
		{F6F1066F-0593-46E4-B439-5C7DFE0C4A2B}.Debug|Any CPU.ActiveCfg = Debug|Any CPU
		{F6F1066F-0593-46E4-B439-5C7DFE0C4A2B}.Debug|Any CPU.Build.0 = Debug|Any CPU
		{F6F1066F-0593-46E4-B439-5C7DFE0C4A2B}.Release|Any CPU.ActiveCfg = Release|Any CPU
		{F6F1066F-0593-46E4-B439-5C7DFE0C4A2B}.Release|Any CPU.Build.0 = Release|Any CPU
		{23DEC44A-7C76-42F2-ACEC-B92A1D30B54E}.Debug|Any CPU.ActiveCfg = Debug|Any CPU
		{23DEC44A-7C76-42F2-ACEC-B92A1D30B54E}.Debug|Any CPU.Build.0 = Debug|Any CPU
		{23DEC44A-7C76-42F2-ACEC-B92A1D30B54E}.Release|Any CPU.ActiveCfg = Release|Any CPU
		{23DEC44A-7C76-42F2-ACEC-B92A1D30B54E}.Release|Any CPU.Build.0 = Release|Any CPU
		{5D538893-4405-4838-8D3B-F5FF262A1549}.Debug|Any CPU.ActiveCfg = Debug|Any CPU
		{5D538893-4405-4838-8D3B-F5FF262A1549}.Debug|Any CPU.Build.0 = Debug|Any CPU
		{5D538893-4405-4838-8D3B-F5FF262A1549}.Release|Any CPU.ActiveCfg = Release|Any CPU
		{5D538893-4405-4838-8D3B-F5FF262A1549}.Release|Any CPU.Build.0 = Release|Any CPU
		{E885D03E-F312-495F-A2DC-9C8E26FFCEF7}.Debug|Any CPU.ActiveCfg = Debug|Any CPU
		{E885D03E-F312-495F-A2DC-9C8E26FFCEF7}.Debug|Any CPU.Build.0 = Debug|Any CPU
		{E885D03E-F312-495F-A2DC-9C8E26FFCEF7}.Release|Any CPU.ActiveCfg = Release|Any CPU
		{E885D03E-F312-495F-A2DC-9C8E26FFCEF7}.Release|Any CPU.Build.0 = Release|Any CPU
		{7EB641DA-6CEC-47FF-A3BC-42E24502E124}.Debug|Any CPU.ActiveCfg = Debug|Any CPU
		{7EB641DA-6CEC-47FF-A3BC-42E24502E124}.Debug|Any CPU.Build.0 = Debug|Any CPU
		{7EB641DA-6CEC-47FF-A3BC-42E24502E124}.Release|Any CPU.ActiveCfg = Release|Any CPU
		{7EB641DA-6CEC-47FF-A3BC-42E24502E124}.Release|Any CPU.Build.0 = Release|Any CPU
		{FB3F5C2A-A6EF-4106-A25D-C95364E618D2}.Debug|Any CPU.ActiveCfg = Debug|Any CPU
		{FB3F5C2A-A6EF-4106-A25D-C95364E618D2}.Debug|Any CPU.Build.0 = Debug|Any CPU
		{FB3F5C2A-A6EF-4106-A25D-C95364E618D2}.Release|Any CPU.ActiveCfg = Release|Any CPU
		{FB3F5C2A-A6EF-4106-A25D-C95364E618D2}.Release|Any CPU.Build.0 = Release|Any CPU
	EndGlobalSection
	GlobalSection(SolutionProperties) = preSolution
		HideSolutionNode = FALSE
	EndGlobalSection
	GlobalSection(NestedProjects) = preSolution
		{21768A50-CD39-47CE-99D6-DF9864D1E136} = {A9FC83FC-661F-4D0F-874A-DBFBC9319F05}
		{847F4ACB-B32F-4237-B6CE-CCA5A4EEB1D5} = {7286C3F6-F556-43B4-BCF6-26C6E5BD5E82}
		{F6F1066F-0593-46E4-B439-5C7DFE0C4A2B} = {7286C3F6-F556-43B4-BCF6-26C6E5BD5E82}
		{CC4DF52D-725D-4490-9852-6CB8F26FEDA2} = {736344DF-8B9B-4F56-A9D9-7BAE9BE817FE}
		{23DEC44A-7C76-42F2-ACEC-B92A1D30B54E} = {CC4DF52D-725D-4490-9852-6CB8F26FEDA2}
		{5D538893-4405-4838-8D3B-F5FF262A1549} = {CC4DF52D-725D-4490-9852-6CB8F26FEDA2}
		{E885D03E-F312-495F-A2DC-9C8E26FFCEF7} = {85B59A9C-B346-4811-A03C-7722FDB1E669}
		{7EB641DA-6CEC-47FF-A3BC-42E24502E124} = {85B59A9C-B346-4811-A03C-7722FDB1E669}
		{FB3F5C2A-A6EF-4106-A25D-C95364E618D2} = {E60BDE34-942A-4FD7-B8B0-E6F845CBDBC7}
	EndGlobalSection
	GlobalSection(ExtensibilityGlobals) = postSolution
		SolutionGuid = {345EDC9A-7CAE-42D6-8D2C-D3570EC525EE}
	EndGlobalSection
EndGlobal
